
Microsoft Visual Studio Solution File, Format Version 12.00
# Visual Studio Version 17
VisualStudioVersion = 17.11.35303.130
MinimumVisualStudioVersion = 10.0.40219.1
Project("{FAE04EC0-301F-11D3-BF4B-00C04F79EFBC}") = "WebAapp", "WebAapp.csproj", "{EF3F818B-250D-44D8-859F-2FAA51D20D75}"
EndProject
Global
	GlobalSection(SolutionConfigurationPlatforms) = preSolution
		Debug|Any CPU = Debug|Any CPU
		Release|Any CPU = Release|Any CPU
	EndGlobalSection
	GlobalSection(ProjectConfigurationPlatforms) = postSolution
		{EF3F818B-250D-44D8-859F-2FAA51D20D75}.Debug|Any CPU.ActiveCfg = Debug|Any CPU
		{EF3F818B-250D-44D8-859F-2FAA51D20D75}.Debug|Any CPU.Build.0 = Debug|Any CPU
		{EF3F818B-250D-44D8-859F-2FAA51D20D75}.Release|Any CPU.ActiveCfg = Release|Any CPU
		{EF3F818B-250D-44D8-859F-2FAA51D20D75}.Release|Any CPU.Build.0 = Release|Any CPU
	EndGlobalSection
	GlobalSection(SolutionProperties) = preSolution
		HideSolutionNode = FALSE
	EndGlobalSection
	GlobalSection(ExtensibilityGlobals) = postSolution
		SolutionGuid = {7DADFCAC-E724-4B6A-A356-FAE85FA8FEBF}
	EndGlobalSection
EndGlobal
